
Microsoft Visual Studio Solution File, Format Version 12.00
# Visual Studio Version 17
VisualStudioVersion = 17.1.32421.90
MinimumVisualStudioVersion = 10.0.40219.1
Project("{FAE04EC0-301F-11D3-BF4B-00C04F79EFBC}") = "DigiBank", "DigiBank\DigiBank.csproj", "{C605C9D1-3C89-465C-BA4C-D2E96E591268}"
EndProject
Global
	GlobalSection(SolutionConfigurationPlatforms) = preSolution
		Debug|Any CPU = Debug|Any CPU
		Release|Any CPU = Release|Any CPU
	EndGlobalSection
	GlobalSection(ProjectConfigurationPlatforms) = postSolution
		{C605C9D1-3C89-465C-BA4C-D2E96E591268}.Debug|Any CPU.ActiveCfg = Debug|Any CPU
		{C605C9D1-3C89-465C-BA4C-D2E96E591268}.Debug|Any CPU.Build.0 = Debug|Any CPU
		{C605C9D1-3C89-465C-BA4C-D2E96E591268}.Release|Any CPU.ActiveCfg = Release|Any CPU
		{C605C9D1-3C89-465C-BA4C-D2E96E591268}.Release|Any CPU.Build.0 = Release|Any CPU
	EndGlobalSection
	GlobalSection(SolutionProperties) = preSolution
		HideSolutionNode = FALSE
	EndGlobalSection
	GlobalSection(ExtensibilityGlobals) = postSolution
		SolutionGuid = {386931BE-ED2E-485E-AF98-D90A11D56547}
	EndGlobalSection
EndGlobal
